
Microsoft Visual Studio Solution File, Format Version 12.00
# Visual Studio Version 17
VisualStudioVersion = 17.0.31903.59
MinimumVisualStudioVersion = 10.0.40219.1
Project("{2150E333-8FDC-42A3-9474-1A3956D46DE8}") = "src", "src", "{827E0CD3-B72D-47B6-A68D-7590B98EB39B}"
EndProject
Project("{FAE04EC0-301F-11D3-BF4B-00C04F79EFBC}") = "CoupleSync.Api", "src\CoupleSync.Api\CoupleSync.Api.csproj", "{D4024933-6C59-4F75-B641-CC3DC3FA988C}"
EndProject
Project("{FAE04EC0-301F-11D3-BF4B-00C04F79EFBC}") = "CoupleSync.Application", "src\CoupleSync.Application\CoupleSync.Application.csproj", "{4B8A6D1C-F43E-43DF-B423-5A0402CBCDCA}"
EndProject
Project("{FAE04EC0-301F-11D3-BF4B-00C04F79EFBC}") = "CoupleSync.Domain", "src\CoupleSync.Domain\CoupleSync.Domain.csproj", "{3EF6D777-D253-4B58-977C-ED81D40F573C}"
EndProject
Project("{FAE04EC0-301F-11D3-BF4B-00C04F79EFBC}") = "CoupleSync.Infrastructure", "src\CoupleSync.Infrastructure\CoupleSync.Infrastructure.csproj", "{0CE806EC-FC9A-4884-A00C-8ACC85B3877C}"
EndProject
Project("{2150E333-8FDC-42A3-9474-1A3956D46DE8}") = "tests", "tests", "{0AB3BF05-4346-4AA6-1389-037BE0695223}"
EndProject
Project("{FAE04EC0-301F-11D3-BF4B-00C04F79EFBC}") = "CoupleSync.UnitTests", "tests\CoupleSync.UnitTests\CoupleSync.UnitTests.csproj", "{31C08E81-318D-4BE0-A0D2-94C066B81200}"
EndProject
Project("{FAE04EC0-301F-11D3-BF4B-00C04F79EFBC}") = "CoupleSync.IntegrationTests", "tests\CoupleSync.IntegrationTests\CoupleSync.IntegrationTests.csproj", "{A5AF5D4E-9A41-4254-BC3B-813D02C1E1B0}"
EndProject
Project("{FAE04EC0-301F-11D3-BF4B-00C04F79EFBC}") = "CoupleSync.E2ETests", "tests\CoupleSync.E2ETests\CoupleSync.E2ETests.csproj", "{B7C3D1F9-2E4A-4F5B-9C8D-1A2B3C4D5E6F}"
EndProject
Global
	GlobalSection(SolutionConfigurationPlatforms) = preSolution
		Debug|Any CPU = Debug|Any CPU
		Debug|x64 = Debug|x64
		Debug|x86 = Debug|x86
		Release|Any CPU = Release|Any CPU
		Release|x64 = Release|x64
		Release|x86 = Release|x86
	EndGlobalSection
	GlobalSection(ProjectConfigurationPlatforms) = postSolution
		{D4024933-6C59-4F75-B641-CC3DC3FA988C}.Debug|Any CPU.ActiveCfg = Debug|Any CPU
		{D4024933-6C59-4F75-B641-CC3DC3FA988C}.Debug|Any CPU.Build.0 = Debug|Any CPU
		{D4024933-6C59-4F75-B641-CC3DC3FA988C}.Debug|x64.ActiveCfg = Debug|Any CPU
		{D4024933-6C59-4F75-B641-CC3DC3FA988C}.Debug|x64.Build.0 = Debug|Any CPU
		{D4024933-6C59-4F75-B641-CC3DC3FA988C}.Debug|x86.ActiveCfg = Debug|Any CPU
		{D4024933-6C59-4F75-B641-CC3DC3FA988C}.Debug|x86.Build.0 = Debug|Any CPU
		{D4024933-6C59-4F75-B641-CC3DC3FA988C}.Release|Any CPU.ActiveCfg = Release|Any CPU
		{D4024933-6C59-4F75-B641-CC3DC3FA988C}.Release|Any CPU.Build.0 = Release|Any CPU
		{D4024933-6C59-4F75-B641-CC3DC3FA988C}.Release|x64.ActiveCfg = Release|Any CPU
		{D4024933-6C59-4F75-B641-CC3DC3FA988C}.Release|x64.Build.0 = Release|Any CPU
		{D4024933-6C59-4F75-B641-CC3DC3FA988C}.Release|x86.ActiveCfg = Release|Any CPU
		{D4024933-6C59-4F75-B641-CC3DC3FA988C}.Release|x86.Build.0 = Release|Any CPU
		{4B8A6D1C-F43E-43DF-B423-5A0402CBCDCA}.Debug|Any CPU.ActiveCfg = Debug|Any CPU
		{4B8A6D1C-F43E-43DF-B423-5A0402CBCDCA}.Debug|Any CPU.Build.0 = Debug|Any CPU
		{4B8A6D1C-F43E-43DF-B423-5A0402CBCDCA}.Debug|x64.ActiveCfg = Debug|Any CPU
		{4B8A6D1C-F43E-43DF-B423-5A0402CBCDCA}.Debug|x64.Build.0 = Debug|Any CPU
		{4B8A6D1C-F43E-43DF-B423-5A0402CBCDCA}.Debug|x86.ActiveCfg = Debug|Any CPU
		{4B8A6D1C-F43E-43DF-B423-5A0402CBCDCA}.Debug|x86.Build.0 = Debug|Any CPU
		{4B8A6D1C-F43E-43DF-B423-5A0402CBCDCA}.Release|Any CPU.ActiveCfg = Release|Any CPU
		{4B8A6D1C-F43E-43DF-B423-5A0402CBCDCA}.Release|Any CPU.Build.0 = Release|Any CPU
		{4B8A6D1C-F43E-43DF-B423-5A0402CBCDCA}.Release|x64.ActiveCfg = Release|Any CPU
		{4B8A6D1C-F43E-43DF-B423-5A0402CBCDCA}.Release|x64.Build.0 = Release|Any CPU
		{4B8A6D1C-F43E-43DF-B423-5A0402CBCDCA}.Release|x86.ActiveCfg = Release|Any CPU
		{4B8A6D1C-F43E-43DF-B423-5A0402CBCDCA}.Release|x86.Build.0 = Release|Any CPU
		{3EF6D777-D253-4B58-977C-ED81D40F573C}.Debug|Any CPU.ActiveCfg = Debug|Any CPU
		{3EF6D777-D253-4B58-977C-ED81D40F573C}.Debug|Any CPU.Build.0 = Debug|Any CPU
		{3EF6D777-D253-4B58-977C-ED81D40F573C}.Debug|x64.ActiveCfg = Debug|Any CPU
		{3EF6D777-D253-4B58-977C-ED81D40F573C}.Debug|x64.Build.0 = Debug|Any CPU
		{3EF6D777-D253-4B58-977C-ED81D40F573C}.Debug|x86.ActiveCfg = Debug|Any CPU
		{3EF6D777-D253-4B58-977C-ED81D40F573C}.Debug|x86.Build.0 = Debug|Any CPU
		{3EF6D777-D253-4B58-977C-ED81D40F573C}.Release|Any CPU.ActiveCfg = Release|Any CPU
		{3EF6D777-D253-4B58-977C-ED81D40F573C}.Release|Any CPU.Build.0 = Release|Any CPU
		{3EF6D777-D253-4B58-977C-ED81D40F573C}.Release|x64.ActiveCfg = Release|Any CPU
		{3EF6D777-D253-4B58-977C-ED81D40F573C}.Release|x64.Build.0 = Release|Any CPU
		{3EF6D777-D253-4B58-977C-ED81D40F573C}.Release|x86.ActiveCfg = Release|Any CPU
		{3EF6D777-D253-4B58-977C-ED81D40F573C}.Release|x86.Build.0 = Release|Any CPU
		{0CE806EC-FC9A-4884-A00C-8ACC85B3877C}.Debug|Any CPU.ActiveCfg = Debug|Any CPU
		{0CE806EC-FC9A-4884-A00C-8ACC85B3877C}.Debug|Any CPU.Build.0 = Debug|Any CPU
		{0CE806EC-FC9A-4884-A00C-8ACC85B3877C}.Debug|x64.ActiveCfg = Debug|Any CPU
		{0CE806EC-FC9A-4884-A00C-8ACC85B3877C}.Debug|x64.Build.0 = Debug|Any CPU
		{0CE806EC-FC9A-4884-A00C-8ACC85B3877C}.Debug|x86.ActiveCfg = Debug|Any CPU
		{0CE806EC-FC9A-4884-A00C-8ACC85B3877C}.Debug|x86.Build.0 = Debug|Any CPU
		{0CE806EC-FC9A-4884-A00C-8ACC85B3877C}.Release|Any CPU.ActiveCfg = Release|Any CPU
		{0CE806EC-FC9A-4884-A00C-8ACC85B3877C}.Release|Any CPU.Build.0 = Release|Any CPU
		{0CE806EC-FC9A-4884-A00C-8ACC85B3877C}.Release|x64.ActiveCfg = Release|Any CPU
		{0CE806EC-FC9A-4884-A00C-8ACC85B3877C}.Release|x64.Build.0 = Release|Any CPU
		{0CE806EC-FC9A-4884-A00C-8ACC85B3877C}.Release|x86.ActiveCfg = Release|Any CPU
		{0CE806EC-FC9A-4884-A00C-8ACC85B3877C}.Release|x86.Build.0 = Release|Any CPU
		{31C08E81-318D-4BE0-A0D2-94C066B81200}.Debug|Any CPU.ActiveCfg = Debug|Any CPU
		{31C08E81-318D-4BE0-A0D2-94C066B81200}.Debug|Any CPU.Build.0 = Debug|Any CPU
		{31C08E81-318D-4BE0-A0D2-94C066B81200}.Debug|x64.ActiveCfg = Debug|Any CPU
		{31C08E81-318D-4BE0-A0D2-94C066B81200}.Debug|x64.Build.0 = Debug|Any CPU
		{31C08E81-318D-4BE0-A0D2-94C066B81200}.Debug|x86.ActiveCfg = Debug|Any CPU
		{31C08E81-318D-4BE0-A0D2-94C066B81200}.Debug|x86.Build.0 = Debug|Any CPU
		{31C08E81-318D-4BE0-A0D2-94C066B81200}.Release|Any CPU.ActiveCfg = Release|Any CPU
		{31C08E81-318D-4BE0-A0D2-94C066B81200}.Release|Any CPU.Build.0 = Release|Any CPU
		{31C08E81-318D-4BE0-A0D2-94C066B81200}.Release|x64.ActiveCfg = Release|Any CPU
		{31C08E81-318D-4BE0-A0D2-94C066B81200}.Release|x64.Build.0 = Release|Any CPU
		{31C08E81-318D-4BE0-A0D2-94C066B81200}.Release|x86.ActiveCfg = Release|Any CPU
		{31C08E81-318D-4BE0-A0D2-94C066B81200}.Release|x86.Build.0 = Release|Any CPU
		{A5AF5D4E-9A41-4254-BC3B-813D02C1E1B0}.Debug|Any CPU.ActiveCfg = Debug|Any CPU
		{A5AF5D4E-9A41-4254-BC3B-813D02C1E1B0}.Debug|Any CPU.Build.0 = Debug|Any CPU
		{A5AF5D4E-9A41-4254-BC3B-813D02C1E1B0}.Debug|x64.ActiveCfg = Debug|Any CPU
		{A5AF5D4E-9A41-4254-BC3B-813D02C1E1B0}.Debug|x64.Build.0 = Debug|Any CPU
		{A5AF5D4E-9A41-4254-BC3B-813D02C1E1B0}.Debug|x86.ActiveCfg = Debug|Any CPU
		{A5AF5D4E-9A41-4254-BC3B-813D02C1E1B0}.Debug|x86.Build.0 = Debug|Any CPU
		{A5AF5D4E-9A41-4254-BC3B-813D02C1E1B0}.Release|Any CPU.ActiveCfg = Release|Any CPU
		{A5AF5D4E-9A41-4254-BC3B-813D02C1E1B0}.Release|Any CPU.Build.0 = Release|Any CPU
		{A5AF5D4E-9A41-4254-BC3B-813D02C1E1B0}.Release|x64.ActiveCfg = Release|Any CPU
		{A5AF5D4E-9A41-4254-BC3B-813D02C1E1B0}.Release|x64.Build.0 = Release|Any CPU
		{A5AF5D4E-9A41-4254-BC3B-813D02C1E1B0}.Release|x86.ActiveCfg = Release|Any CPU
		{A5AF5D4E-9A41-4254-BC3B-813D02C1E1B0}.Release|x86.Build.0 = Release|Any CPU
		{B7C3D1F9-2E4A-4F5B-9C8D-1A2B3C4D5E6F}.Debug|Any CPU.ActiveCfg = Debug|Any CPU
		{B7C3D1F9-2E4A-4F5B-9C8D-1A2B3C4D5E6F}.Debug|Any CPU.Build.0 = Debug|Any CPU
		{B7C3D1F9-2E4A-4F5B-9C8D-1A2B3C4D5E6F}.Debug|x64.ActiveCfg = Debug|Any CPU
		{B7C3D1F9-2E4A-4F5B-9C8D-1A2B3C4D5E6F}.Debug|x64.Build.0 = Debug|Any CPU
		{B7C3D1F9-2E4A-4F5B-9C8D-1A2B3C4D5E6F}.Debug|x86.ActiveCfg = Debug|Any CPU
		{B7C3D1F9-2E4A-4F5B-9C8D-1A2B3C4D5E6F}.Debug|x86.Build.0 = Debug|Any CPU
		{B7C3D1F9-2E4A-4F5B-9C8D-1A2B3C4D5E6F}.Release|Any CPU.ActiveCfg = Release|Any CPU
		{B7C3D1F9-2E4A-4F5B-9C8D-1A2B3C4D5E6F}.Release|Any CPU.Build.0 = Release|Any CPU
		{B7C3D1F9-2E4A-4F5B-9C8D-1A2B3C4D5E6F}.Release|x64.ActiveCfg = Release|Any CPU
		{B7C3D1F9-2E4A-4F5B-9C8D-1A2B3C4D5E6F}.Release|x64.Build.0 = Release|Any CPU
		{B7C3D1F9-2E4A-4F5B-9C8D-1A2B3C4D5E6F}.Release|x86.ActiveCfg = Release|Any CPU
		{B7C3D1F9-2E4A-4F5B-9C8D-1A2B3C4D5E6F}.Release|x86.Build.0 = Release|Any CPU
	EndGlobalSection
	GlobalSection(SolutionProperties) = preSolution
		HideSolutionNode = FALSE
	EndGlobalSection
	GlobalSection(NestedProjects) = preSolution
		{D4024933-6C59-4F75-B641-CC3DC3FA988C} = {827E0CD3-B72D-47B6-A68D-7590B98EB39B}
		{4B8A6D1C-F43E-43DF-B423-5A0402CBCDCA} = {827E0CD3-B72D-47B6-A68D-7590B98EB39B}
		{3EF6D777-D253-4B58-977C-ED81D40F573C} = {827E0CD3-B72D-47B6-A68D-7590B98EB39B}
		{0CE806EC-FC9A-4884-A00C-8ACC85B3877C} = {827E0CD3-B72D-47B6-A68D-7590B98EB39B}
		{31C08E81-318D-4BE0-A0D2-94C066B81200} = {0AB3BF05-4346-4AA6-1389-037BE0695223}
		{A5AF5D4E-9A41-4254-BC3B-813D02C1E1B0} = {0AB3BF05-4346-4AA6-1389-037BE0695223}
		{B7C3D1F9-2E4A-4F5B-9C8D-1A2B3C4D5E6F} = {0AB3BF05-4346-4AA6-1389-037BE0695223}
	EndGlobalSection
EndGlobal
